
Microsoft Visual Studio Solution File, Format Version 12.00
# Visual Studio Version 17
VisualStudioVersion = 17.0.31903.59
MinimumVisualStudioVersion = 10.0.40219.1
Project("{FAE04EC0-301F-11D3-BF4B-00C04F79EFBC}") = "ComboBox kontrola", "ComboBox kontrola.csproj", "{6B4DC22D-6015-4470-BD9D-E646BBCE5882}"
EndProject
Global
	GlobalSection(SolutionConfigurationPlatforms) = preSolution
		Debug|Any CPU = Debug|Any CPU
		Release|Any CPU = Release|Any CPU
	EndGlobalSection
	GlobalSection(ProjectConfigurationPlatforms) = postSolution
		{6B4DC22D-6015-4470-BD9D-E646BBCE5882}.Debug|Any CPU.ActiveCfg = Debug|Any CPU
		{6B4DC22D-6015-4470-BD9D-E646BBCE5882}.Debug|Any CPU.Build.0 = Debug|Any CPU
		{6B4DC22D-6015-4470-BD9D-E646BBCE5882}.Release|Any CPU.ActiveCfg = Release|Any CPU
		{6B4DC22D-6015-4470-BD9D-E646BBCE5882}.Release|Any CPU.Build.0 = Release|Any CPU
	EndGlobalSection
	GlobalSection(SolutionProperties) = preSolution
		HideSolutionNode = FALSE
	EndGlobalSection
	GlobalSection(ExtensibilityGlobals) = postSolution
		SolutionGuid = {959DC43A-D975-4304-865F-93E8D49B12C2}
	EndGlobalSection
EndGlobal
